
Microsoft Visual Studio Solution File, Format Version 12.00
# Visual Studio Version 17
VisualStudioVersion = 17.6.33723.286
MinimumVisualStudioVersion = 10.0.40219.1
Project("{FAE04EC0-301F-11D3-BF4B-00C04F79EFBC}") = "LibraryAPI", "LibraryAPI.csproj", "{2C94ED3A-9731-41F5-9B86-CABE2630C2A3}"
EndProject
Global
	GlobalSection(SolutionConfigurationPlatforms) = preSolution
		Debug|Any CPU = Debug|Any CPU
		Release|Any CPU = Release|Any CPU
	EndGlobalSection
	GlobalSection(ProjectConfigurationPlatforms) = postSolution
		{2C94ED3A-9731-41F5-9B86-CABE2630C2A3}.Debug|Any CPU.ActiveCfg = Debug|Any CPU
		{2C94ED3A-9731-41F5-9B86-CABE2630C2A3}.Debug|Any CPU.Build.0 = Debug|Any CPU
		{2C94ED3A-9731-41F5-9B86-CABE2630C2A3}.Release|Any CPU.ActiveCfg = Release|Any CPU
		{2C94ED3A-9731-41F5-9B86-CABE2630C2A3}.Release|Any CPU.Build.0 = Release|Any CPU
	EndGlobalSection
	GlobalSection(SolutionProperties) = preSolution
		HideSolutionNode = FALSE
	EndGlobalSection
	GlobalSection(ExtensibilityGlobals) = postSolution
		SolutionGuid = {AA417667-12DE-4E9A-9246-4456E8488301}
	EndGlobalSection
EndGlobal
